
Microsoft Visual Studio Solution File, Format Version 12.00
# Visual Studio Version 17
VisualStudioVersion = 17.7.34031.279
MinimumVisualStudioVersion = 10.0.40219.1
Project("{FAE04EC0-301F-11D3-BF4B-00C04F79EFBC}") = "CoffeMachineNew", "CoffeMachineNew\CoffeMachineNew.csproj", "{B8891F87-DD4D-490D-8EEE-DB651ABDFE8D}"
EndProject
Global
	GlobalSection(SolutionConfigurationPlatforms) = preSolution
		Debug|Any CPU = Debug|Any CPU
		Release|Any CPU = Release|Any CPU
	EndGlobalSection
	GlobalSection(ProjectConfigurationPlatforms) = postSolution
		{B8891F87-DD4D-490D-8EEE-DB651ABDFE8D}.Debug|Any CPU.ActiveCfg = Debug|Any CPU
		{B8891F87-DD4D-490D-8EEE-DB651ABDFE8D}.Debug|Any CPU.Build.0 = Debug|Any CPU
		{B8891F87-DD4D-490D-8EEE-DB651ABDFE8D}.Release|Any CPU.ActiveCfg = Release|Any CPU
		{B8891F87-DD4D-490D-8EEE-DB651ABDFE8D}.Release|Any CPU.Build.0 = Release|Any CPU
	EndGlobalSection
	GlobalSection(SolutionProperties) = preSolution
		HideSolutionNode = FALSE
	EndGlobalSection
	GlobalSection(ExtensibilityGlobals) = postSolution
		SolutionGuid = {824DB5B3-AF68-4BFA-9BF6-915567E36743}
	EndGlobalSection
EndGlobal
